
Microsoft Visual Studio Solution File, Format Version 12.00
# Visual Studio 2013
VisualStudioVersion = 12.0.21005.1
MinimumVisualStudioVersion = 10.0.40219.1
Project("{FAE04EC0-301F-11D3-BF4B-00C04F79EFBC}") = "troll_ui_app", "troll_ui_app\troll_ui_app.csproj", "{C98FC932-5ED9-41C5-B7DE-C17DD2EDBE43}"
EndProject
Global
	GlobalSection(SolutionConfigurationPlatforms) = preSolution
		CD_ROM|Any CPU = CD_ROM|Any CPU
		CD_ROM|Mixed Platforms = CD_ROM|Mixed Platforms
		CD_ROM|Win32 = CD_ROM|Win32
		CD_ROM|x64 = CD_ROM|x64
		CD_ROM|x86 = CD_ROM|x86
		Custom|Any CPU = Custom|Any CPU
		Custom|Mixed Platforms = Custom|Mixed Platforms
		Custom|Win32 = Custom|Win32
		Custom|x64 = Custom|x64
		Custom|x86 = Custom|x86
		Debug|Any CPU = Debug|Any CPU
		Debug|Mixed Platforms = Debug|Mixed Platforms
		Debug|Win32 = Debug|Win32
		Debug|x64 = Debug|x64
		Debug|x86 = Debug|x86
		Debug-Exe|Any CPU = Debug-Exe|Any CPU
		Debug-Exe|Mixed Platforms = Debug-Exe|Mixed Platforms
		Debug-Exe|Win32 = Debug-Exe|Win32
		Debug-Exe|x64 = Debug-Exe|x64
		Debug-Exe|x86 = Debug-Exe|x86
		DVD-10|Any CPU = DVD-10|Any CPU
		DVD-10|Mixed Platforms = DVD-10|Mixed Platforms
		DVD-10|Win32 = DVD-10|Win32
		DVD-10|x64 = DVD-10|x64
		DVD-10|x86 = DVD-10|x86
		DVD-18|Any CPU = DVD-18|Any CPU
		DVD-18|Mixed Platforms = DVD-18|Mixed Platforms
		DVD-18|Win32 = DVD-18|Win32
		DVD-18|x64 = DVD-18|x64
		DVD-18|x86 = DVD-18|x86
		DVD-5|Any CPU = DVD-5|Any CPU
		DVD-5|Mixed Platforms = DVD-5|Mixed Platforms
		DVD-5|Win32 = DVD-5|Win32
		DVD-5|x64 = DVD-5|x64
		DVD-5|x86 = DVD-5|x86
		DVD-9|Any CPU = DVD-9|Any CPU
		DVD-9|Mixed Platforms = DVD-9|Mixed Platforms
		DVD-9|Win32 = DVD-9|Win32
		DVD-9|x64 = DVD-9|x64
		DVD-9|x86 = DVD-9|x86
		Release|Any CPU = Release|Any CPU
		Release|Mixed Platforms = Release|Mixed Platforms
		Release|Win32 = Release|Win32
		Release|x64 = Release|x64
		Release|x86 = Release|x86
		SingleImage|Any CPU = SingleImage|Any CPU
		SingleImage|Mixed Platforms = SingleImage|Mixed Platforms
		SingleImage|Win32 = SingleImage|Win32
		SingleImage|x64 = SingleImage|x64
		SingleImage|x86 = SingleImage|x86
		WebDeployment|Any CPU = WebDeployment|Any CPU
		WebDeployment|Mixed Platforms = WebDeployment|Mixed Platforms
		WebDeployment|Win32 = WebDeployment|Win32
		WebDeployment|x64 = WebDeployment|x64
		WebDeployment|x86 = WebDeployment|x86
	EndGlobalSection
	GlobalSection(ProjectConfigurationPlatforms) = postSolution
		{C98FC932-5ED9-41C5-B7DE-C17DD2EDBE43}.CD_ROM|Any CPU.ActiveCfg = Release|Any CPU
		{C98FC932-5ED9-41C5-B7DE-C17DD2EDBE43}.CD_ROM|Any CPU.Build.0 = Release|Any CPU
		{C98FC932-5ED9-41C5-B7DE-C17DD2EDBE43}.CD_ROM|Mixed Platforms.ActiveCfg = Debug|Any CPU
		{C98FC932-5ED9-41C5-B7DE-C17DD2EDBE43}.CD_ROM|Mixed Platforms.Build.0 = Debug|Any CPU
		{C98FC932-5ED9-41C5-B7DE-C17DD2EDBE43}.CD_ROM|Win32.ActiveCfg = Debug|Any CPU
		{C98FC932-5ED9-41C5-B7DE-C17DD2EDBE43}.CD_ROM|x64.ActiveCfg = Debug|Any CPU
		{C98FC932-5ED9-41C5-B7DE-C17DD2EDBE43}.CD_ROM|x86.ActiveCfg = Debug|Any CPU
		{C98FC932-5ED9-41C5-B7DE-C17DD2EDBE43}.Custom|Any CPU.ActiveCfg = Debug|Any CPU
		{C98FC932-5ED9-41C5-B7DE-C17DD2EDBE43}.Custom|Any CPU.Build.0 = Debug|Any CPU
		{C98FC932-5ED9-41C5-B7DE-C17DD2EDBE43}.Custom|Mixed Platforms.ActiveCfg = Debug|Any CPU
		{C98FC932-5ED9-41C5-B7DE-C17DD2EDBE43}.Custom|Mixed Platforms.Build.0 = Debug|Any CPU
		{C98FC932-5ED9-41C5-B7DE-C17DD2EDBE43}.Custom|Win32.ActiveCfg = Debug|Any CPU
		{C98FC932-5ED9-41C5-B7DE-C17DD2EDBE43}.Custom|x64.ActiveCfg = Debug|Any CPU
		{C98FC932-5ED9-41C5-B7DE-C17DD2EDBE43}.Custom|x86.ActiveCfg = Debug|Any CPU
		{C98FC932-5ED9-41C5-B7DE-C17DD2EDBE43}.Debug|Any CPU.ActiveCfg = Debug|Any CPU
		{C98FC932-5ED9-41C5-B7DE-C17DD2EDBE43}.Debug|Any CPU.Build.0 = Debug|Any CPU
		{C98FC932-5ED9-41C5-B7DE-C17DD2EDBE43}.Debug|Mixed Platforms.ActiveCfg = Debug|Any CPU
		{C98FC932-5ED9-41C5-B7DE-C17DD2EDBE43}.Debug|Mixed Platforms.Build.0 = Debug|Any CPU
		{C98FC932-5ED9-41C5-B7DE-C17DD2EDBE43}.Debug|Win32.ActiveCfg = Debug|Any CPU
		{C98FC932-5ED9-41C5-B7DE-C17DD2EDBE43}.Debug|Win32.Build.0 = Debug|Any CPU
		{C98FC932-5ED9-41C5-B7DE-C17DD2EDBE43}.Debug|x64.ActiveCfg = Debug|Any CPU
		{C98FC932-5ED9-41C5-B7DE-C17DD2EDBE43}.Debug|x86.ActiveCfg = Debug|Any CPU
		{C98FC932-5ED9-41C5-B7DE-C17DD2EDBE43}.Debug-Exe|Any CPU.ActiveCfg = Debug|Any CPU
		{C98FC932-5ED9-41C5-B7DE-C17DD2EDBE43}.Debug-Exe|Any CPU.Build.0 = Debug|Any CPU
		{C98FC932-5ED9-41C5-B7DE-C17DD2EDBE43}.Debug-Exe|Mixed Platforms.ActiveCfg = Debug|Any CPU
		{C98FC932-5ED9-41C5-B7DE-C17DD2EDBE43}.Debug-Exe|Mixed Platforms.Build.0 = Debug|Any CPU
		{C98FC932-5ED9-41C5-B7DE-C17DD2EDBE43}.Debug-Exe|Win32.ActiveCfg = Debug|Any CPU
		{C98FC932-5ED9-41C5-B7DE-C17DD2EDBE43}.Debug-Exe|x64.ActiveCfg = Debug|Any CPU
		{C98FC932-5ED9-41C5-B7DE-C17DD2EDBE43}.Debug-Exe|x86.ActiveCfg = Debug|Any CPU
		{C98FC932-5ED9-41C5-B7DE-C17DD2EDBE43}.DVD-10|Any CPU.ActiveCfg = Debug|Any CPU
		{C98FC932-5ED9-41C5-B7DE-C17DD2EDBE43}.DVD-10|Any CPU.Build.0 = Debug|Any CPU
		{C98FC932-5ED9-41C5-B7DE-C17DD2EDBE43}.DVD-10|Mixed Platforms.ActiveCfg = Debug|Any CPU
		{C98FC932-5ED9-41C5-B7DE-C17DD2EDBE43}.DVD-10|Mixed Platforms.Build.0 = Debug|Any CPU
		{C98FC932-5ED9-41C5-B7DE-C17DD2EDBE43}.DVD-10|Win32.ActiveCfg = Debug|Any CPU
		{C98FC932-5ED9-41C5-B7DE-C17DD2EDBE43}.DVD-10|x64.ActiveCfg = Debug|Any CPU
		{C98FC932-5ED9-41C5-B7DE-C17DD2EDBE43}.DVD-10|x86.ActiveCfg = Debug|Any CPU
		{C98FC932-5ED9-41C5-B7DE-C17DD2EDBE43}.DVD-18|Any CPU.ActiveCfg = Debug|Any CPU
		{C98FC932-5ED9-41C5-B7DE-C17DD2EDBE43}.DVD-18|Any CPU.Build.0 = Debug|Any CPU
		{C98FC932-5ED9-41C5-B7DE-C17DD2EDBE43}.DVD-18|Mixed Platforms.ActiveCfg = Debug|Any CPU
		{C98FC932-5ED9-41C5-B7DE-C17DD2EDBE43}.DVD-18|Mixed Platforms.Build.0 = Debug|Any CPU
		{C98FC932-5ED9-41C5-B7DE-C17DD2EDBE43}.DVD-18|Win32.ActiveCfg = Debug|Any CPU
		{C98FC932-5ED9-41C5-B7DE-C17DD2EDBE43}.DVD-18|x64.ActiveCfg = Debug|Any CPU
		{C98FC932-5ED9-41C5-B7DE-C17DD2EDBE43}.DVD-18|x86.ActiveCfg = Debug|Any CPU
		{C98FC932-5ED9-41C5-B7DE-C17DD2EDBE43}.DVD-5|Any CPU.ActiveCfg = Debug|Any CPU
		{C98FC932-5ED9-41C5-B7DE-C17DD2EDBE43}.DVD-5|Any CPU.Build.0 = Debug|Any CPU
		{C98FC932-5ED9-41C5-B7DE-C17DD2EDBE43}.DVD-5|Mixed Platforms.ActiveCfg = Debug|Any CPU
		{C98FC932-5ED9-41C5-B7DE-C17DD2EDBE43}.DVD-5|Mixed Platforms.Build.0 = Debug|Any CPU
		{C98FC932-5ED9-41C5-B7DE-C17DD2EDBE43}.DVD-5|Win32.ActiveCfg = Debug|Any CPU
		{C98FC932-5ED9-41C5-B7DE-C17DD2EDBE43}.DVD-5|x64.ActiveCfg = Debug|Any CPU
		{C98FC932-5ED9-41C5-B7DE-C17DD2EDBE43}.DVD-5|x86.ActiveCfg = Debug|Any CPU
		{C98FC932-5ED9-41C5-B7DE-C17DD2EDBE43}.DVD-9|Any CPU.ActiveCfg = Debug|Any CPU
		{C98FC932-5ED9-41C5-B7DE-C17DD2EDBE43}.DVD-9|Any CPU.Build.0 = Debug|Any CPU
		{C98FC932-5ED9-41C5-B7DE-C17DD2EDBE43}.DVD-9|Mixed Platforms.ActiveCfg = Debug|Any CPU
		{C98FC932-5ED9-41C5-B7DE-C17DD2EDBE43}.DVD-9|Mixed Platforms.Build.0 = Debug|Any CPU
		{C98FC932-5ED9-41C5-B7DE-C17DD2EDBE43}.DVD-9|Win32.ActiveCfg = Debug|Any CPU
		{C98FC932-5ED9-41C5-B7DE-C17DD2EDBE43}.DVD-9|x64.ActiveCfg = Debug|Any CPU
		{C98FC932-5ED9-41C5-B7DE-C17DD2EDBE43}.DVD-9|x86.ActiveCfg = Debug|Any CPU
		{C98FC932-5ED9-41C5-B7DE-C17DD2EDBE43}.Release|Any CPU.ActiveCfg = Release|Any CPU
		{C98FC932-5ED9-41C5-B7DE-C17DD2EDBE43}.Release|Any CPU.Build.0 = Release|Any CPU
		{C98FC932-5ED9-41C5-B7DE-C17DD2EDBE43}.Release|Mixed Platforms.ActiveCfg = Release|Any CPU
		{C98FC932-5ED9-41C5-B7DE-C17DD2EDBE43}.Release|Mixed Platforms.Build.0 = Release|Any CPU
		{C98FC932-5ED9-41C5-B7DE-C17DD2EDBE43}.Release|Win32.ActiveCfg = Release|Any CPU
		{C98FC932-5ED9-41C5-B7DE-C17DD2EDBE43}.Release|Win32.Build.0 = Release|Any CPU
		{C98FC932-5ED9-41C5-B7DE-C17DD2EDBE43}.Release|x64.ActiveCfg = Release|Any CPU
		{C98FC932-5ED9-41C5-B7DE-C17DD2EDBE43}.Release|x86.ActiveCfg = Release|Any CPU
		{C98FC932-5ED9-41C5-B7DE-C17DD2EDBE43}.Release|x86.Build.0 = Release|Any CPU
		{C98FC932-5ED9-41C5-B7DE-C17DD2EDBE43}.SingleImage|Any CPU.ActiveCfg = Release|Any CPU
		{C98FC932-5ED9-41C5-B7DE-C17DD2EDBE43}.SingleImage|Any CPU.Build.0 = Release|Any CPU
		{C98FC932-5ED9-41C5-B7DE-C17DD2EDBE43}.SingleImage|Mixed Platforms.ActiveCfg = Debug|Any CPU
		{C98FC932-5ED9-41C5-B7DE-C17DD2EDBE43}.SingleImage|Mixed Platforms.Build.0 = Debug|Any CPU
		{C98FC932-5ED9-41C5-B7DE-C17DD2EDBE43}.SingleImage|Win32.ActiveCfg = Debug|Any CPU
		{C98FC932-5ED9-41C5-B7DE-C17DD2EDBE43}.SingleImage|x64.ActiveCfg = Debug|Any CPU
		{C98FC932-5ED9-41C5-B7DE-C17DD2EDBE43}.SingleImage|x86.ActiveCfg = Debug|Any CPU
		{C98FC932-5ED9-41C5-B7DE-C17DD2EDBE43}.WebDeployment|Any CPU.ActiveCfg = Debug|Any CPU
		{C98FC932-5ED9-41C5-B7DE-C17DD2EDBE43}.WebDeployment|Any CPU.Build.0 = Debug|Any CPU
		{C98FC932-5ED9-41C5-B7DE-C17DD2EDBE43}.WebDeployment|Mixed Platforms.ActiveCfg = Debug|Any CPU
		{C98FC932-5ED9-41C5-B7DE-C17DD2EDBE43}.WebDeployment|Mixed Platforms.Build.0 = Debug|Any CPU
		{C98FC932-5ED9-41C5-B7DE-C17DD2EDBE43}.WebDeployment|Win32.ActiveCfg = Debug|Any CPU
		{C98FC932-5ED9-41C5-B7DE-C17DD2EDBE43}.WebDeployment|x64.ActiveCfg = Debug|Any CPU
		{C98FC932-5ED9-41C5-B7DE-C17DD2EDBE43}.WebDeployment|x86.ActiveCfg = Debug|Any CPU
	EndGlobalSection
	GlobalSection(SolutionProperties) = preSolution
		HideSolutionNode = FALSE
	EndGlobalSection
EndGlobal
