
Microsoft Visual Studio Solution File, Format Version 12.00
# Visual Studio 2013
VisualStudioVersion = 12.0.21005.1
MinimumVisualStudioVersion = 10.0.40219.1
Project("{6141683F-8A12-4E36-9623-2EB02B2C2303}") = "troll_appinst", "troll_appinst\troll_appinst.isproj", "{03F0161F-9138-4E2A-B41D-A347A2E41F78}"
	ProjectSection(ProjectDependencies) = postProject
		{C98FC932-5ED9-41C5-B7DE-C17DD2EDBE43} = {C98FC932-5ED9-41C5-B7DE-C17DD2EDBE43}
	EndProjectSection
EndProject
Project("{FAE04EC0-301F-11D3-BF4B-00C04F79EFBC}") = "troll_ui_app", "troll_ui_app\troll_ui_app.csproj", "{C98FC932-5ED9-41C5-B7DE-C17DD2EDBE43}"
EndProject
Global
	GlobalSection(SolutionConfigurationPlatforms) = preSolution
		CD_ROM|Any CPU = CD_ROM|Any CPU
		CD_ROM|Mixed Platforms = CD_ROM|Mixed Platforms
		CD_ROM|Win32 = CD_ROM|Win32
		Debug|Any CPU = Debug|Any CPU
		Debug|Mixed Platforms = Debug|Mixed Platforms
		Debug|Win32 = Debug|Win32
		DVD-5|Any CPU = DVD-5|Any CPU
		DVD-5|Mixed Platforms = DVD-5|Mixed Platforms
		DVD-5|Win32 = DVD-5|Win32
		Release|Any CPU = Release|Any CPU
		Release|Mixed Platforms = Release|Mixed Platforms
		Release|Win32 = Release|Win32
		SingleImage|Any CPU = SingleImage|Any CPU
		SingleImage|Mixed Platforms = SingleImage|Mixed Platforms
		SingleImage|Win32 = SingleImage|Win32
	EndGlobalSection
	GlobalSection(ProjectConfigurationPlatforms) = postSolution
		{03F0161F-9138-4E2A-B41D-A347A2E41F78}.CD_ROM|Any CPU.ActiveCfg = CD_ROM
		{03F0161F-9138-4E2A-B41D-A347A2E41F78}.CD_ROM|Any CPU.Build.0 = CD_ROM
		{03F0161F-9138-4E2A-B41D-A347A2E41F78}.CD_ROM|Mixed Platforms.ActiveCfg = CD_ROM
		{03F0161F-9138-4E2A-B41D-A347A2E41F78}.CD_ROM|Mixed Platforms.Build.0 = CD_ROM
		{03F0161F-9138-4E2A-B41D-A347A2E41F78}.CD_ROM|Win32.ActiveCfg = CD_ROM
		{03F0161F-9138-4E2A-B41D-A347A2E41F78}.CD_ROM|Win32.Build.0 = CD_ROM
		{03F0161F-9138-4E2A-B41D-A347A2E41F78}.Debug|Any CPU.ActiveCfg = DVD-5
		{03F0161F-9138-4E2A-B41D-A347A2E41F78}.Debug|Any CPU.Build.0 = DVD-5
		{03F0161F-9138-4E2A-B41D-A347A2E41F78}.Debug|Mixed Platforms.ActiveCfg = DVD-5
		{03F0161F-9138-4E2A-B41D-A347A2E41F78}.Debug|Mixed Platforms.Build.0 = DVD-5
		{03F0161F-9138-4E2A-B41D-A347A2E41F78}.Debug|Win32.ActiveCfg = DVD-5
		{03F0161F-9138-4E2A-B41D-A347A2E41F78}.Debug|Win32.Build.0 = DVD-5
		{03F0161F-9138-4E2A-B41D-A347A2E41F78}.DVD-5|Any CPU.ActiveCfg = DVD-5
		{03F0161F-9138-4E2A-B41D-A347A2E41F78}.DVD-5|Any CPU.Build.0 = DVD-5
		{03F0161F-9138-4E2A-B41D-A347A2E41F78}.DVD-5|Mixed Platforms.ActiveCfg = DVD-5
		{03F0161F-9138-4E2A-B41D-A347A2E41F78}.DVD-5|Mixed Platforms.Build.0 = DVD-5
		{03F0161F-9138-4E2A-B41D-A347A2E41F78}.DVD-5|Win32.ActiveCfg = DVD-5
		{03F0161F-9138-4E2A-B41D-A347A2E41F78}.DVD-5|Win32.Build.0 = DVD-5
		{03F0161F-9138-4E2A-B41D-A347A2E41F78}.Release|Any CPU.ActiveCfg = SingleImage
		{03F0161F-9138-4E2A-B41D-A347A2E41F78}.Release|Any CPU.Build.0 = SingleImage
		{03F0161F-9138-4E2A-B41D-A347A2E41F78}.Release|Mixed Platforms.ActiveCfg = SingleImage
		{03F0161F-9138-4E2A-B41D-A347A2E41F78}.Release|Mixed Platforms.Build.0 = SingleImage
		{03F0161F-9138-4E2A-B41D-A347A2E41F78}.Release|Win32.ActiveCfg = SingleImage
		{03F0161F-9138-4E2A-B41D-A347A2E41F78}.Release|Win32.Build.0 = SingleImage
		{03F0161F-9138-4E2A-B41D-A347A2E41F78}.SingleImage|Any CPU.ActiveCfg = SingleImage
		{03F0161F-9138-4E2A-B41D-A347A2E41F78}.SingleImage|Any CPU.Build.0 = SingleImage
		{03F0161F-9138-4E2A-B41D-A347A2E41F78}.SingleImage|Mixed Platforms.ActiveCfg = SingleImage
		{03F0161F-9138-4E2A-B41D-A347A2E41F78}.SingleImage|Mixed Platforms.Build.0 = SingleImage
		{03F0161F-9138-4E2A-B41D-A347A2E41F78}.SingleImage|Win32.ActiveCfg = SingleImage
		{03F0161F-9138-4E2A-B41D-A347A2E41F78}.SingleImage|Win32.Build.0 = SingleImage
		{C98FC932-5ED9-41C5-B7DE-C17DD2EDBE43}.CD_ROM|Any CPU.ActiveCfg = Release|Any CPU
		{C98FC932-5ED9-41C5-B7DE-C17DD2EDBE43}.CD_ROM|Any CPU.Build.0 = Release|Any CPU
		{C98FC932-5ED9-41C5-B7DE-C17DD2EDBE43}.CD_ROM|Mixed Platforms.ActiveCfg = Debug|Any CPU
		{C98FC932-5ED9-41C5-B7DE-C17DD2EDBE43}.CD_ROM|Mixed Platforms.Build.0 = Debug|Any CPU
		{C98FC932-5ED9-41C5-B7DE-C17DD2EDBE43}.CD_ROM|Win32.ActiveCfg = Debug|Any CPU
		{C98FC932-5ED9-41C5-B7DE-C17DD2EDBE43}.Debug|Any CPU.ActiveCfg = Debug|Any CPU
		{C98FC932-5ED9-41C5-B7DE-C17DD2EDBE43}.Debug|Any CPU.Build.0 = Debug|Any CPU
		{C98FC932-5ED9-41C5-B7DE-C17DD2EDBE43}.Debug|Mixed Platforms.ActiveCfg = Debug|Any CPU
		{C98FC932-5ED9-41C5-B7DE-C17DD2EDBE43}.Debug|Mixed Platforms.Build.0 = Debug|Any CPU
		{C98FC932-5ED9-41C5-B7DE-C17DD2EDBE43}.Debug|Win32.ActiveCfg = Debug|Any CPU
		{C98FC932-5ED9-41C5-B7DE-C17DD2EDBE43}.DVD-5|Any CPU.ActiveCfg = Debug|Any CPU
		{C98FC932-5ED9-41C5-B7DE-C17DD2EDBE43}.DVD-5|Any CPU.Build.0 = Debug|Any CPU
		{C98FC932-5ED9-41C5-B7DE-C17DD2EDBE43}.DVD-5|Mixed Platforms.ActiveCfg = Debug|Any CPU
		{C98FC932-5ED9-41C5-B7DE-C17DD2EDBE43}.DVD-5|Mixed Platforms.Build.0 = Debug|Any CPU
		{C98FC932-5ED9-41C5-B7DE-C17DD2EDBE43}.DVD-5|Win32.ActiveCfg = Debug|Any CPU
		{C98FC932-5ED9-41C5-B7DE-C17DD2EDBE43}.Release|Any CPU.ActiveCfg = Release|Any CPU
		{C98FC932-5ED9-41C5-B7DE-C17DD2EDBE43}.Release|Any CPU.Build.0 = Release|Any CPU
		{C98FC932-5ED9-41C5-B7DE-C17DD2EDBE43}.Release|Mixed Platforms.ActiveCfg = Release|Any CPU
		{C98FC932-5ED9-41C5-B7DE-C17DD2EDBE43}.Release|Mixed Platforms.Build.0 = Release|Any CPU
		{C98FC932-5ED9-41C5-B7DE-C17DD2EDBE43}.Release|Win32.ActiveCfg = Release|Any CPU
		{C98FC932-5ED9-41C5-B7DE-C17DD2EDBE43}.SingleImage|Any CPU.ActiveCfg = Release|Any CPU
		{C98FC932-5ED9-41C5-B7DE-C17DD2EDBE43}.SingleImage|Any CPU.Build.0 = Release|Any CPU
		{C98FC932-5ED9-41C5-B7DE-C17DD2EDBE43}.SingleImage|Mixed Platforms.ActiveCfg = Debug|Any CPU
		{C98FC932-5ED9-41C5-B7DE-C17DD2EDBE43}.SingleImage|Mixed Platforms.Build.0 = Debug|Any CPU
		{C98FC932-5ED9-41C5-B7DE-C17DD2EDBE43}.SingleImage|Win32.ActiveCfg = Debug|Any CPU
	EndGlobalSection
	GlobalSection(SolutionProperties) = preSolution
		HideSolutionNode = FALSE
	EndGlobalSection
EndGlobal
